
Microsoft Visual Studio Solution File, Format Version 12.00
# Visual Studio Version 16
VisualStudioVersion = 16.0.32228.343
MinimumVisualStudioVersion = 10.0.40219.1
Project("{FAE04EC0-301F-11D3-BF4B-00C04F79EFBC}") = "prjPOE", "prjPOE.csproj", "{BBD0BC22-C14F-49D8-88F5-A66A73026828}"
EndProject
Global
	GlobalSection(SolutionConfigurationPlatforms) = preSolution
		Debug|Any CPU = Debug|Any CPU
		Release|Any CPU = Release|Any CPU
	EndGlobalSection
	GlobalSection(ProjectConfigurationPlatforms) = postSolution
		{BBD0BC22-C14F-49D8-88F5-A66A73026828}.Debug|Any CPU.ActiveCfg = Debug|Any CPU
		{BBD0BC22-C14F-49D8-88F5-A66A73026828}.Debug|Any CPU.Build.0 = Debug|Any CPU
		{BBD0BC22-C14F-49D8-88F5-A66A73026828}.Release|Any CPU.ActiveCfg = Release|Any CPU
		{BBD0BC22-C14F-49D8-88F5-A66A73026828}.Release|Any CPU.Build.0 = Release|Any CPU
	EndGlobalSection
	GlobalSection(SolutionProperties) = preSolution
		HideSolutionNode = FALSE
	EndGlobalSection
	GlobalSection(ExtensibilityGlobals) = postSolution
		SolutionGuid = {E89D2A65-47D3-43C7-AC34-A6E03D5BA0FF}
	EndGlobalSection
EndGlobal
